Microsoft Visual Studio Solution File, Format Version 12.00
# Visual Studio Version 17
VisualStudioVersion = 17.5.2.0
MinimumVisualStudioVersion = 10.0.40219.1
Project("{FAE04EC0-301F-11D3-BF4B-00C04F79EFBC}") = "SimCardApi", "SimCardApi.csproj", "{14CACFD2-A89E-ECB8-1FDC-2F268203E553}"
EndProject
Global
	GlobalSection(SolutionConfigurationPlatforms) = preSolution
		Debug|Any CPU = Debug|Any CPU
		Release|Any CPU = Release|Any CPU
	EndGlobalSection
	GlobalSection(ProjectConfigurationPlatforms) = postSolution
		{14CACFD2-A89E-ECB8-1FDC-2F268203E553}.Debug|Any CPU.ActiveCfg = Debug|Any CPU
		{14CACFD2-A89E-ECB8-1FDC-2F268203E553}.Debug|Any CPU.Build.0 = Debug|Any CPU
		{14CACFD2-A89E-ECB8-1FDC-2F268203E553}.Release|Any CPU.ActiveCfg = Release|Any CPU
		{14CACFD2-A89E-ECB8-1FDC-2F268203E553}.Release|Any CPU.Build.0 = Release|Any CPU
	EndGlobalSection
	GlobalSection(SolutionProperties) = preSolution
		HideSolutionNode = FALSE
	EndGlobalSection
	GlobalSection(ExtensibilityGlobals) = postSolution
		SolutionGuid = {1929333D-85A7-484F-9FE0-933A04769E87}
	EndGlobalSection
EndGlobal
